
Microsoft Visual Studio Solution File, Format Version 12.00
# Visual Studio Version 17
VisualStudioVersion = 17.11.35327.3
MinimumVisualStudioVersion = 10.0.40219.1
Project("{FAE04EC0-301F-11D3-BF4B-00C04F79EFBC}") = "FirstWebApi", "FirstWebApi\FirstWebApi.csproj", "{93BFAF65-8285-4628-B5B8-7473B7D52860}"
EndProject
Project("{FAE04EC0-301F-11D3-BF4B-00C04F79EFBC}") = "FirstWebApi.DAL", "FirstWebApi.DAL\FirstWebApi.DAL.csproj", "{A8C6A9C8-6F26-4C4C-82D7-B2DB51F0499A}"
EndProject
Project("{FAE04EC0-301F-11D3-BF4B-00C04F79EFBC}") = "FirstWebApi.Bll", "FirstWebApi.Bll\FirstWebApi.Bll.csproj", "{332B9467-8C7A-43F0-A22C-E3F4D628E530}"
EndProject
Global
	GlobalSection(SolutionConfigurationPlatforms) = preSolution
		Debug|Any CPU = Debug|Any CPU
		Release|Any CPU = Release|Any CPU
	EndGlobalSection
	GlobalSection(ProjectConfigurationPlatforms) = postSolution
		{93BFAF65-8285-4628-B5B8-7473B7D52860}.Debug|Any CPU.ActiveCfg = Debug|Any CPU
		{93BFAF65-8285-4628-B5B8-7473B7D52860}.Debug|Any CPU.Build.0 = Debug|Any CPU
		{93BFAF65-8285-4628-B5B8-7473B7D52860}.Release|Any CPU.ActiveCfg = Release|Any CPU
		{93BFAF65-8285-4628-B5B8-7473B7D52860}.Release|Any CPU.Build.0 = Release|Any CPU
		{A8C6A9C8-6F26-4C4C-82D7-B2DB51F0499A}.Debug|Any CPU.ActiveCfg = Debug|Any CPU
		{A8C6A9C8-6F26-4C4C-82D7-B2DB51F0499A}.Debug|Any CPU.Build.0 = Debug|Any CPU
		{A8C6A9C8-6F26-4C4C-82D7-B2DB51F0499A}.Release|Any CPU.ActiveCfg = Release|Any CPU
		{A8C6A9C8-6F26-4C4C-82D7-B2DB51F0499A}.Release|Any CPU.Build.0 = Release|Any CPU
		{332B9467-8C7A-43F0-A22C-E3F4D628E530}.Debug|Any CPU.ActiveCfg = Debug|Any CPU
		{332B9467-8C7A-43F0-A22C-E3F4D628E530}.Debug|Any CPU.Build.0 = Debug|Any CPU
		{332B9467-8C7A-43F0-A22C-E3F4D628E530}.Release|Any CPU.ActiveCfg = Release|Any CPU
		{332B9467-8C7A-43F0-A22C-E3F4D628E530}.Release|Any CPU.Build.0 = Release|Any CPU
	EndGlobalSection
	GlobalSection(SolutionProperties) = preSolution
		HideSolutionNode = FALSE
	EndGlobalSection
	GlobalSection(ExtensibilityGlobals) = postSolution
		SolutionGuid = {DC0A15DF-AC9B-482C-A1D0-9A30A42F6713}
	EndGlobalSection
EndGlobal
